// !$*UTF8*$!
{
	archiveVersion = 1;
	classes = {
	};
	objectVersion = 50;
	objects = {

/* Begin PBXBuildFile section */
		56A5590D233ED9150062F29C /* AppDelegate.swift in Sources */ = {isa = PBXBuildFile; fileRef = 56A5590C233ED9150062F29C /* AppDelegate.swift */; };
		56A5590F233ED9150062F29C /* SceneDelegate.swift in Sources */ = {isa = PBXBuildFile; fileRef = 56A5590E233ED9150062F29C /* SceneDelegate.swift */; };
		56A55911233ED9150062F29C /* ContentView.swift in Sources */ = {isa = PBXBuildFile; fileRef = 56A55910233ED9150062F29C /* ContentView.swift */; };
		56A55913233ED9160062F29C /* Assets.xcassets in Resources */ = {isa = PBXBuildFile; fileRef = 56A55912233ED9160062F29C /* Assets.xcassets */; };
		56A55916233ED9160062F29C /* Preview Assets.xcassets in Resources */ = {isa = PBXBuildFile; fileRef = 56A55915233ED9160062F29C /* Preview Assets.xcassets */; };
		56A55919233ED9160062F29C /* LaunchScreen.storyboard in Resources */ = {isa = PBXBuildFile; fileRef = 56A55917233ED9160062F29C /* LaunchScreen.storyboard */; };
		56A55924233ED9160062F29C /* hello_worldTests.swift in Sources */ = {isa = PBXBuildFile; fileRef = 56A55923233ED9160062F29C /* hello_worldTests.swift */; };
		56A5592F233ED9160062F29C /* hello_worldUITests.swift in Sources */ = {isa = PBXBuildFile; fileRef = 56A5592E233ED9160062F29C /* hello_worldUITests.swift */; };
/* End PBXBuildFile section */

/* Begin PBXContainerItemProxy section */
		56A55920233ED9160062F29C /* PBXContainerItemProxy */ = {
			isa = PBXContainerItemProxy;
			containerPortal = 56A55901233ED9150062F29C /* Project object */;
			proxyType = 1;
			remoteGlobalIDString = 56A55908233ED9150062F29C;
			remoteInfo = hello_world;
		};
		56A5592B233ED9160062F29C /* PBXContainerItemProxy */ = {
			isa = PBXContainerItemProxy;
			containerPortal = 56A55901233ED9150062F29C /* Project object */;
			proxyType = 1;
			remoteGlobalIDString = 56A55908233ED9150062F29C;
			remoteInfo = hello_world;
		};
/* End PBXContainerItemProxy section */

/* Begin PBXFileReference section */
		56A55909233ED9150062F29C /* hello_world.app */ = {isa = PBXFileReference; explicitFileType = wrapper.application; includeInIndex = 0; path = hello_world.app; sourceTree = BUILT_PRODUCTS_DIR; };
		56A5590C233ED9150062F29C /* AppDelegate.swift */ = {isa = PBXFileReference; lastKnownFileType = sourcecode.swift; path = AppDelegate.swift; sourceTree = "<group>"; };
		56A5590E233ED9150062F29C /* SceneDelegate.swift */ = {isa = PBXFileReference; lastKnownFileType = sourcecode.swift; path = SceneDelegate.swift; sourceTree = "<group>"; };
		56A55910233ED9150062F29C /* ContentView.swift */ = {isa = PBXFileReference; lastKnownFileType = sourcecode.swift; path = ContentView.swift; sourceTree = "<group>"; };
		56A55912233ED9160062F29C /* Assets.xcassets */ = {isa = PBXFileReference; lastKnownFileType = folder.assetcatalog; path = Assets.xcassets; sourceTree = "<group>"; };
		56A55915233ED9160062F29C /* Preview Assets.xcassets */ = {isa = PBXFileReference; lastKnownFileType = folder.assetcatalog; path = "Preview Assets.xcassets"; sourceTree = "<group>"; };
		56A55918233ED9160062F29C /* Base */ = {isa = PBXFileReference; lastKnownFileType = file.storyboard; name = Base; path = Base.lproj/LaunchScreen.storyboard; sourceTree = "<group>"; };
		56A5591A233ED9160062F29C /* Info.plist */ = {isa = PBXFileReference; lastKnownFileType = text.plist.xml; path = Info.plist; sourceTree = "<group>"; };
		56A5591F233ED9160062F29C /* hello_worldTests.xctest */ = {isa = PBXFileReference; explicitFileType = wrapper.cfbundle; includeInIndex = 0; path = hello_worldTests.xctest; sourceTree = BUILT_PRODUCTS_DIR; };
		56A55923233ED9160062F29C /* hello_worldTests.swift */ = {isa = PBXFileReference; lastKnownFileType = sourcecode.swift; path = hello_worldTests.swift; sourceTree = "<group>"; };
		56A55925233ED9160062F29C /* Info.plist */ = {isa = PBXFileReference; lastKnownFileType = text.plist.xml; path = Info.plist; sourceTree = "<group>"; };
		56A5592A233ED9160062F29C /* hello_worldUITests.xctest */ = {isa = PBXFileReference; explicitFileType = wrapper.cfbundle; includeInIndex = 0; path = hello_worldUITests.xctest; sourceTree = BUILT_PRODUCTS_DIR; };
		56A5592E233ED9160062F29C /* hello_worldUITests.swift */ = {isa = PBXFileReference; lastKnownFileType = sourcecode.swift; path = hello_worldUITests.swift; sourceTree = "<group>"; };
		56A55930233ED9160062F29C /* Info.plist */ = {isa = PBXFileReference; lastKnownFileType = text.plist.xml; path = Info.plist; sourceTree = "<group>"; };
/* End PBXFileReference section */

/* Begin PBXFrameworksBuildPhase section */
		56A55906233ED9150062F29C /* Frameworks */ = {
			isa = PBXFrameworksBuildPhase;
			buildActionMask = 2147483647;
			files = (
			);
			runOnlyForDeploymentPostprocessing = 0;
		};
		56A5591C233ED9160062F29C /* Frameworks */ = {
			isa = PBXFrameworksBuildPhase;
			buildActionMask = 2147483647;
			files = (
			);
			runOnlyForDeploymentPostprocessing = 0;
		};
		56A55927233ED9160062F29C /* Frameworks */ = {
			isa = PBXFrameworksBuildPhase;
			buildActionMask = 2147483647;
			files = (
			);
			runOnlyForDeploymentPostprocessing = 0;
		};
/* End PBXFrameworksBuildPhase section */

/* Begin PBXGroup section */
		56A55900233ED9150062F29C = {
			isa = PBXGroup;
			children = (
				56A5590B233ED9150062F29C /* hello_world */,
				56A55922233ED9160062F29C /* hello_worldTests */,
				56A5592D233ED9160062F29C /* hello_worldUITests */,
				56A5590A233ED9150062F29C /* Products */,
			);
			sourceTree = "<group>";
		};
		56A5590A233ED9150062F29C /* Products */ = {
			isa = PBXGroup;
			children = (
				56A55909233ED9150062F29C /* hello_world.app */,
				56A5591F233ED9160062F29C /* hello_worldTests.xctest */,
				56A5592A233ED9160062F29C /* hello_worldUITests.xctest */,
			);
			name = Products;
			sourceTree = "<group>";
		};
		56A5590B233ED9150062F29C /* hello_world */ = {
			isa = PBXGroup;
			children = (
				56A5590C233ED9150062F29C /* AppDelegate.swift */,
				56A5590E233ED9150062F29C /* SceneDelegate.swift */,
				56A55910233ED9150062F29C /* ContentView.swift */,
				56A55912233ED9160062F29C /* Assets.xcassets */,
				56A55917233ED9160062F29C /* LaunchScreen.storyboard */,
				56A5591A233ED9160062F29C /* Info.plist */,
				56A55914233ED9160062F29C /* Preview Content */,
			);
			path = hello_world;
			sourceTree = "<group>";
		};
		56A55914233ED9160062F29C /* Preview Content */ = {
			isa = PBXGroup;
			children = (
				56A55915233ED9160062F29C /* Preview Assets.xcassets */,
			);
			path = "Preview Content";
			sourceTree = "<group>";
		};
		56A55922233ED9160062F29C /* hello_worldTests */ = {
			isa = PBXGroup;
			children = (
				56A55923233ED9160062F29C /* hello_worldTests.swift */,
				56A55925233ED9160062F29C /* Info.plist */,
			);
			path = hello_worldTests;
			sourceTree = "<group>";
		};
		56A5592D233ED9160062F29C /* hello_worldUITests */ = {
			isa = PBXGroup;
			children = (
				56A5592E233ED9160062F29C /* hello_worldUITests.swift */,
				56A55930233ED9160062F29C /* Info.plist */,
			);
			path = hello_worldUITests;
			sourceTree = "<group>";
		};
/* End PBXGroup section */

/* Begin PBXNativeTarget section */
		56A55908233ED9150062F29C /* hello_world */ = {
			isa = PBXNativeTarget;
			buildConfigurationList = 56A55933233ED9160062F29C /* Build configuration list for PBXNativeTarget "hello_world" */;
			buildPhases = (
				56A55905233ED9150062F29C /* Sources */,
				56A55906233ED9150062F29C /* Frameworks */,
				56A55907233ED9150062F29C /* Resources */,
			);
			buildRules = (
			);
			dependencies = (
			);
			name = hello_world;
			productName = hello_world;
			productReference = 56A55909233ED9150062F29C /* hello_world.app */;
			productType = "com.apple.product-type.application";
		};
		56A5591E233ED9160062F29C /* hello_worldTests */ = {
			isa = PBXNativeTarget;
			buildConfigurationList = 56A55936233ED9160062F29C /* Build configuration list for PBXNativeTarget "hello_worldTests" */;
			buildPhases = (
				56A5591B233ED9160062F29C /* Sources */,
				56A5591C233ED9160062F29C /* Frameworks */,
				56A5591D233ED9160062F29C /* Resources */,
			);
			buildRules = (
			);
			dependencies = (
				56A55921233ED9160062F29C /* PBXTargetDependency */,
			);
			name = hello_worldTests;
			productName = hello_worldTests;
			productReference = 56A5591F233ED9160062F29C /* hello_worldTests.xctest */;
			productType = "com.apple.product-type.bundle.unit-test";
		};
		56A55929233ED9160062F29C /* hello_worldUITests */ = {
			isa = PBXNativeTarget;
			buildConfigurationList = 56A55939233ED9160062F29C /* Build configuration list for PBXNativeTarget "hello_worldUITests" */;
			buildPhases = (
				56A55926233ED9160062F29C /* Sources */,
				56A55927233ED9160062F29C /* Frameworks */,
				56A55928233ED9160062F29C /* Resources */,
			);
			buildRules = (
			);
			dependencies = (
				56A5592C233ED9160062F29C /* PBXTargetDependency */,
			);
			name = hello_worldUITests;
			productName = hello_worldUITests;
			productReference = 56A5592A233ED9160062F29C /* hello_worldUITests.xctest */;
			productType = "com.apple.product-type.bundle.ui-testing";
		};
/* End PBXNativeTarget section */

/* Begin PBXProject section */
		56A55901233ED9150062F29C /* Project object */ = {
			isa = PBXProject;
			attributes = {
				LastSwiftUpdateCheck = 1100;
				LastUpgradeCheck = 1100;
				ORGANIZATIONNAME = "Andrew Chao";
				TargetAttributes = {
					56A55908233ED9150062F29C = {
						CreatedOnToolsVersion = 11.0;
					};
					56A5591E233ED9160062F29C = {
						CreatedOnToolsVersion = 11.0;
						TestTargetID = 56A55908233ED9150062F29C;
					};
					56A55929233ED9160062F29C = {
						CreatedOnToolsVersion = 11.0;
						TestTargetID = 56A55908233ED9150062F29C;
					};
				};
			};
			buildConfigurationList = 56A55904233ED9150062F29C /* Build configuration list for PBXProject "hello_world" */;
			compatibilityVersion = "Xcode 9.3";
			developmentRegion = en;
			hasScannedForEncodings = 0;
			knownRegions = (
				en,
				Base,
			);
			mainGroup = 56A55900233ED9150062F29C;
			productRefGroup = 56A5590A233ED9150062F29C /* Products */;
			projectDirPath = "";
			projectRoot = "";
			targets = (
				56A55908233ED9150062F29C /* hello_world */,
				56A5591E233ED9160062F29C /* hello_worldTests */,
				56A55929233ED9160062F29C /* hello_worldUITests */,
			);
		};
/* End PBXProject section */

/* Begin PBXResourcesBuildPhase section */
		56A55907233ED9150062F29C /* Resources */ = {
			isa = PBXResourcesBuildPhase;
			buildActionMask = 2147483647;
			files = (
				56A55919233ED9160062F29C /* LaunchScreen.storyboard in Resources */,
				56A55916233ED9160062F29C /* Preview Assets.xcassets in Resources */,
				56A55913233ED9160062F29C /* Assets.xcassets in Resources */,
			);
			runOnlyForDeploymentPostprocessing = 0;
		};
		56A5591D233ED9160062F29C /* Resources */ = {
			isa = PBXResourcesBuildPhase;
			buildActionMask = 2147483647;
			files = (
			);
			runOnlyForDeploymentPostprocessing = 0;
		};
		56A55928233ED9160062F29C /* Resources */ = {
			isa = PBXResourcesBuildPhase;
			buildActionMask = 2147483647;
			files = (
			);
			runOnlyForDeploymentPostprocessing = 0;
		};
/* End PBXResourcesBuildPhase section */

/* Begin PBXSourcesBuildPhase section */
		56A55905233ED9150062F29C /* Sources */ = {
			isa = PBXSourcesBuildPhase;
			buildActionMask = 2147483647;
			files = (
				56A5590D233ED9150062F29C /* AppDelegate.swift in Sources */,
				56A5590F233ED9150062F29C /* SceneDelegate.swift in Sources */,
				56A55911233ED9150062F29C /* ContentView.swift in Sources */,
			);
			runOnlyForDeploymentPostprocessing = 0;
		};
		56A5591B233ED9160062F29C /* Sources */ = {
			isa = PBXSourcesBuildPhase;
			buildActionMask = 2147483647;
			files = (
				56A55924233ED9160062F29C /* hello_worldTests.swift in Sources */,
			);
			runOnlyForDeploymentPostprocessing = 0;
		};
		56A55926233ED9160062F29C /* Sources */ = {
			isa = PBXSourcesBuildPhase;
			buildActionMask = 2147483647;
			files = (
				56A5592F233ED9160062F29C /* hello_worldUITests.swift in Sources */,
			);
			runOnlyForDeploymentPostprocessing = 0;
		};
/* End PBXSourcesBuildPhase section */

/* Begin PBXTargetDependency section */
		56A55921233ED9160062F29C /* PBXTargetDependency */ = {
			isa = PBXTargetDependency;
			target = 56A55908233ED9150062F29C /* hello_world */;
			targetProxy = 56A55920233ED9160062F29C /* PBXContainerItemProxy */;
		};
		56A5592C233ED9160062F29C /* PBXTargetDependency */ = {
			isa = PBXTargetDependency;
			target = 56A55908233ED9150062F29C /* hello_world */;
			targetProxy = 56A5592B233ED9160062F29C /* PBXContainerItemProxy */;
		};
/* End PBXTargetDependency section */

/* Begin PBXVariantGroup section */
		56A55917233ED9160062F29C /* LaunchScreen.storyboard */ = {
			isa = PBXVariantGroup;
			children = (
				56A55918233ED9160062F29C /* Base */,
			);
			name = LaunchScreen.storyboard;
			sourceTree = "<group>";
		};
/* End PBXVariantGroup section */

/* Begin XCBuildConfiguration section */
		56A55931233ED9160062F29C /* Debug */ = {
			isa = XCBuildConfiguration;
			buildSettings = {
				ALWAYS_SEARCH_USER_PATHS = NO;
				CLANG_ANALYZER_NONNULL = YES;
				CLANG_ANALYZER_NUMBER_OBJECT_CONVERSION = YES_AGGRESSIVE;
				CLANG_CXX_LANGUAGE_STANDARD = "gnu++14";
				CLANG_CXX_LIBRARY = "libc++";
				CLANG_ENABLE_MODULES = YES;
				CLANG_ENABLE_OBJC_ARC = YES;
				CLANG_ENABLE_OBJC_WEAK = YES;
				CLANG_WARN_BLOCK_CAPTURE_AUTORELEASING = YES;
				CLANG_WARN_BOOL_CONVERSION = YES;
				CLANG_WARN_COMMA = YES;
				CLANG_WARN_CONSTANT_CONVERSION = YES;
				CLANG_WARN_DEPRECATED_OBJC_IMPLEMENTATIONS = YES;
				CLANG_WARN_DIRECT_OBJC_ISA_USAGE = YES_ERROR;
				CLANG_WARN_DOCUMENTATION_COMMENTS = YES;
				CLANG_WARN_EMPTY_BODY = YES;
				CLANG_WARN_ENUM_CONVERSION = YES;
				CLANG_WARN_INFINITE_RECURSION = YES;
				CLANG_WARN_INT_CONVERSION = YES;
				CLANG_WARN_NON_LITERAL_NULL_CONVERSION = YES;
				CLANG_WARN_OBJC_IMPLICIT_RETAIN_SELF = YES;
				CLANG_WARN_OBJC_LITERAL_CONVERSION = YES;
				CLANG_WARN_OBJC_ROOT_CLASS = YES_ERROR;
				CLANG_WARN_RANGE_LOOP_ANALYSIS = YES;
				CLANG_WARN_STRICT_PROTOTYPES = YES;
				CLANG_WARN_SUSPICIOUS_MOVE = YES;
				CLANG_WARN_UNGUARDED_AVAILABILITY = YES_AGGRESSIVE;
				CLANG_WARN_UNREACHABLE_CODE = YES;
				CLANG_WARN__DUPLICATE_METHOD_MATCH = YES;
				COPY_PHASE_STRIP = NO;
				DEBUG_INFORMATION_FORMAT = dwarf;
				ENABLE_STRICT_OBJC_MSGSEND = YES;
				ENABLE_TESTABILITY = YES;
				GCC_C_LANGUAGE_STANDARD = gnu11;
				GCC_DYNAMIC_NO_PIC = NO;
				GCC_NO_COMMON_BLOCKS = YES;
				GCC_OPTIMIZATION_LEVEL = 0;
				GCC_PREPROCESSOR_DEFINITIONS = (
					"DEBUG=1",
					"$(inherited)",
				);
				GCC_WARN_64_TO_32_BIT_CONVERSION = YES;
				GCC_WARN_ABOUT_RETURN_TYPE = YES_ERROR;
				GCC_WARN_UNDECLARED_SELECTOR = YES;
				GCC_WARN_UNINITIALIZED_AUTOS = YES_AGGRESSIVE;
				GCC_WARN_UNUSED_FUNCTION = YES;
				GCC_WARN_UNUSED_VARIABLE = YES;
				IPHONEOS_DEPLOYMENT_TARGET = 13.0;
				MTL_ENABLE_DEBUG_INFO = INCLUDE_SOURCE;
				MTL_FAST_MATH = YES;
				ONLY_ACTIVE_ARCH = YES;
				SDKROOT = iphoneos;
				SWIFT_ACTIVE_COMPILATION_CONDITIONS = DEBUG;
				SWIFT_OPTIMIZATION_LEVEL = "-Onone";
			};
			name = Debug;
		};
		56A55932233ED9160062F29C /* Release */ = {
			isa = XCBuildConfiguration;
			buildSettings = {
				ALWAYS_SEARCH_USER_PATHS = NO;
				CLANG_ANALYZER_NONNULL = YES;
				CLANG_ANALYZER_NUMBER_OBJECT_CONVERSION = YES_AGGRESSIVE;
				CLANG_CXX_LANGUAGE_STANDARD = "gnu++14";
				CLANG_CXX_LIBRARY = "libc++";
				CLANG_ENABLE_MODULES = YES;
				CLANG_ENABLE_OBJC_ARC = YES;
				CLANG_ENABLE_OBJC_WEAK = YES;
				CLANG_WARN_BLOCK_CAPTURE_AUTORELEASING = YES;
				CLANG_WARN_BOOL_CONVERSION = YES;
				CLANG_WARN_COMMA = YES;
				CLANG_WARN_CONSTANT_CONVERSION = YES;
				CLANG_WARN_DEPRECATED_OBJC_IMPLEMENTATIONS = YES;
				CLANG_WARN_DIRECT_OBJC_ISA_USAGE = YES_ERROR;
				CLANG_WARN_DOCUMENTATION_COMMENTS = YES;
				CLANG_WARN_EMPTY_BODY = YES;
				CLANG_WARN_ENUM_CONVERSION = YES;
				CLANG_WARN_INFINITE_RECURSION = YES;
				CLANG_WARN_INT_CONVERSION = YES;
				CLANG_WARN_NON_LITERAL_NULL_CONVERSION = YES;
				CLANG_WARN_OBJC_IMPLICIT_RETAIN_SELF = YES;
				CLANG_WARN_OBJC_LITERAL_CONVERSION = YES;
				CLANG_WARN_OBJC_ROOT_CLASS = YES_ERROR;
				CLANG_WARN_RANGE_LOOP_ANALYSIS = YES;
				CLANG_WARN_STRICT_PROTOTYPES = YES;
				CLANG_WARN_SUSPICIOUS_MOVE = YES;
				CLANG_WARN_UNGUARDED_AVAILABILITY = YES_AGGRESSIVE;
				CLANG_WARN_UNREACHABLE_CODE = YES;
				CLANG_WARN__DUPLICATE_METHOD_MATCH = YES;
				COPY_PHASE_STRIP = NO;
				DEBUG_INFORMATION_FORMAT = "dwarf-with-dsym";
				ENABLE_NS_ASSERTIONS = NO;
				ENABLE_STRICT_OBJC_MSGSEND = YES;
				GCC_C_LANGUAGE_STANDARD = gnu11;
				GCC_NO_COMMON_BLOCKS = YES;
				GCC_WARN_64_TO_32_BIT_CONVERSION = YES;
				GCC_WARN_ABOUT_RETURN_TYPE = YES_ERROR;
				GCC_WARN_UNDECLARED_SELECTOR = YES;
				GCC_WARN_UNINITIALIZED_AUTOS = YES_AGGRESSIVE;
				GCC_WARN_UNUSED_FUNCTION = YES;
				GCC_WARN_UNUSED_VARIABLE = YES;
				IPHONEOS_DEPLOYMENT_TARGET = 13.0;
				MTL_ENABLE_DEBUG_INFO = NO;
				MTL_FAST_MATH = YES;
				SDKROOT = iphoneos;
				SWIFT_COMPILATION_MODE = wholemodule;
				SWIFT_OPTIMIZATION_LEVEL = "-O";
				VALIDATE_PRODUCT = YES;
			};
			name = Release;
		};
		56A55934233ED9160062F29C /* Debug */ = {
			isa = XCBuildConfiguration;
			buildSettings = {
				ASSETCATALOG_COMPILER_APPICON_NAME = AppIcon;
				CODE_SIGN_STYLE = Automatic;
				DEVELOPMENT_ASSET_PATHS = "\"hello_world/Preview Content\"";
				ENABLE_PREVIEWS = YES;
				INFOPLIST_FILE = hello_world/Info.plist;
				LD_RUNPATH_SEARCH_PATHS = (
					"$(inherited)",
					"@executable_path/Frameworks",
				);
				PRODUCT_BUNDLE_IDENTIFIER = "com.abloblo.hello-world";
				PRODUCT_NAME = "$(TARGET_NAME)";
				SWIFT_VERSION = 5.0;
				TARGETED_DEVICE_FAMILY = "1,2";
			};
			name = Debug;
		};
		56A55935233ED9160062F29C /* Release */ = {
			isa = XCBuildConfiguration;
			buildSettings = {
				ASSETCATALOG_COMPILER_APPICON_NAME = AppIcon;
				CODE_SIGN_STYLE = Automatic;
				DEVELOPMENT_ASSET_PATHS = "\"hello_world/Preview Content\"";
				ENABLE_PREVIEWS = YES;
				INFOPLIST_FILE = hello_world/Info.plist;
				LD_RUNPATH_SEARCH_PATHS = (
					"$(inherited)",
					"@executable_path/Frameworks",
				);
				PRODUCT_BUNDLE_IDENTIFIER = "com.abloblo.hello-world";
				PRODUCT_NAME = "$(TARGET_NAME)";
				SWIFT_VERSION = 5.0;
				TARGETED_DEVICE_FAMILY = "1,2";
			};
			name = Release;
		};
		56A55937233ED9160062F29C /* Debug */ = {
			isa = XCBuildConfiguration;
			buildSettings = {
				ALWAYS_EMBED_SWIFT_STANDARD_LIBRARIES = YES;
				BUNDLE_LOADER = "$(TEST_HOST)";
				CODE_SIGN_STYLE = Automatic;
				INFOPLIST_FILE = hello_worldTests/Info.plist;
				IPHONEOS_DEPLOYMENT_TARGET = 13.0;
				LD_RUNPATH_SEARCH_PATHS = (
					"$(inherited)",
					"@executable_path/Frameworks",
					"@loader_path/Frameworks",
				);
				PRODUCT_BUNDLE_IDENTIFIER = "com.abloblo.hello-worldTests";
				PRODUCT_NAME = "$(TARGET_NAME)";
				SWIFT_VERSION = 5.0;
				TARGETED_DEVICE_FAMILY = "1,2";
				TEST_HOST = "$(BUILT_PRODUCTS_DIR)/hello_world.app/hello_world";
			};
			name = Debug;
		};
		56A55938233ED9160062F29C /* Release */ = {
			isa = XCBuildConfiguration;
			buildSettings = {
				ALWAYS_EMBED_SWIFT_STANDARD_LIBRARIES = YES;
				BUNDLE_LOADER = "$(TEST_HOST)";
				CODE_SIGN_STYLE = Automatic;
				INFOPLIST_FILE = hello_worldTests/Info.plist;
				IPHONEOS_DEPLOYMENT_TARGET = 13.0;
				LD_RUNPATH_SEARCH_PATHS = (
					"$(inherited)",
					"@executable_path/Frameworks",
					"@loader_path/Frameworks",
				);
				PRODUCT_BUNDLE_IDENTIFIER = "com.abloblo.hello-worldTests";
				PRODUCT_NAME = "$(TARGET_NAME)";
				SWIFT_VERSION = 5.0;
				TARGETED_DEVICE_FAMILY = "1,2";
				TEST_HOST = "$(BUILT_PRODUCTS_DIR)/hello_world.app/hello_world";
			};
			name = Release;
		};
		56A5593A233ED9160062F29C /* Debug */ = {
			isa = XCBuildConfiguration;
			buildSettings = {
				ALWAYS_EMBED_SWIFT_STANDARD_LIBRARIES = YES;
				CODE_SIGN_STYLE = Automatic;
				INFOPLIST_FILE = hello_worldUITests/Info.plist;
				LD_RUNPATH_SEARCH_PATHS = (
					"$(inherited)",
					"@executable_path/Frameworks",
					"@loader_path/Frameworks",
				);
				PRODUCT_BUNDLE_IDENTIFIER = "com.abloblo.hello-worldUITests";
				PRODUCT_NAME = "$(TARGET_NAME)";
				SWIFT_VERSION = 5.0;
				TARGETED_DEVICE_FAMILY = "1,2";
				TEST_TARGET_NAME = hello_world;
			};
			name = Debug;
		};
		56A5593B233ED9160062F29C /* Release */ = {
			isa = XCBuildConfiguration;
			buildSettings = {
				ALWAYS_EMBED_SWIFT_STANDARD_LIBRARIES = YES;
				CODE_SIGN_STYLE = Automatic;
				INFOPLIST_FILE = hello_worldUITests/Info.plist;
				LD_RUNPATH_SEARCH_PATHS = (
					"$(inherited)",
					"@executable_path/Frameworks",
					"@loader_path/Frameworks",
				);
				PRODUCT_BUNDLE_IDENTIFIER = "com.abloblo.hello-worldUITests";
				PRODUCT_NAME = "$(TARGET_NAME)";
				SWIFT_VERSION = 5.0;
				TARGETED_DEVICE_FAMILY = "1,2";
				TEST_TARGET_NAME = hello_world;
			};
			name = Release;
		};
/* End XCBuildConfiguration section */

/* Begin XCConfigurationList section */
		56A55904233ED9150062F29C /* Build configuration list for PBXProject "hello_world" */ = {
			isa = XCConfigurationList;
			buildConfigurations = (
				56A55931233ED9160062F29C /* Debug */,
				56A55932233ED9160062F29C /* Release */,
			);
			defaultConfigurationIsVisible = 0;
			defaultConfigurationName = Release;
		};
		56A55933233ED9160062F29C /* Build configuration list for PBXNativeTarget "hello_world" */ = {
			isa = XCConfigurationList;
			buildConfigurations = (
				56A55934233ED9160062F29C /* Debug */,
				56A55935233ED9160062F29C /* Release */,
			);
			defaultConfigurationIsVisible = 0;
			defaultConfigurationName = Release;
		};
		56A55936233ED9160062F29C /* Build configuration list for PBXNativeTarget "hello_worldTests" */ = {
			isa = XCConfigurationList;
			buildConfigurations = (
				56A55937233ED9160062F29C /* Debug */,
				56A55938233ED9160062F29C /* Release */,
			);
			defaultConfigurationIsVisible = 0;
			defaultConfigurationName = Release;
		};
		56A55939233ED9160062F29C /* Build configuration list for PBXNativeTarget "hello_worldUITests" */ = {
			isa = XCConfigurationList;
			buildConfigurations = (
				56A5593A233ED9160062F29C /* Debug */,
				56A5593B233ED9160062F29C /* Release */,
			);
			defaultConfigurationIsVisible = 0;
			defaultConfigurationName = Release;
		};
/* End XCConfigurationList section */
	};
	rootObject = 56A55901233ED9150062F29C /* Project object */;
}
